// !$*UTF8*$!
{
	archiveVersion = 1;
	classes = {
	};
	objectVersion = 46;
	objects = {

/* Begin PBXBuildFile section */
		FA1A50C21A1CA46F001D976F /* ChatScreen.xcassets in Resources */ = {isa = PBXBuildFile; fileRef = FA1A50C11A1CA46F001D976F /* ChatScreen.xcassets */; };
		FA1A50C41A1CA47B001D976F /* BeaconScreen.xcassets in Resources */ = {isa = PBXBuildFile; fileRef = FA1A50C31A1CA47B001D976F /* BeaconScreen.xcassets */; };
		FA1A50C71A1CA958001D976F /* KIOSplashViewController.m in Sources */ = {isa = PBXBuildFile; fileRef = FA1A50C61A1CA958001D976F /* KIOSplashViewController.m */; };
		FA1A50CA1A1CAD00001D976F /* KIOChatViewController.m in Sources */ = {isa = PBXBuildFile; fileRef = FA1A50C91A1CAD00001D976F /* KIOChatViewController.m */; };
		FA1A50CD1A1CAD0F001D976F /* KIOBeaconViewController.m in Sources */ = {isa = PBXBuildFile; fileRef = FA1A50CC1A1CAD0F001D976F /* KIOBeaconViewController.m */; };
		FA1A51111A1D3C5F001D976F /* KIOBluetoothService.m in Sources */ = {isa = PBXBuildFile; fileRef = FA1A51101A1D3C5F001D976F /* KIOBluetoothService.m */; };
		FA1A51151A1D4610001D976F /* KIOErrorViewController.m in Sources */ = {isa = PBXBuildFile; fileRef = FA1A51141A1D4610001D976F /* KIOErrorViewController.m */; };
		FA1A51181A1D46CF001D976F /* KIOSettingsViewController.m in Sources */ = {isa = PBXBuildFile; fileRef = FA1A51171A1D46CF001D976F /* KIOSettingsViewController.m */; };
		FA1A51211A1D58BA001D976F /* Localizable.strings in Resources */ = {isa = PBXBuildFile; fileRef = FA1A51231A1D58BA001D976F /* Localizable.strings */; };
		FA1A51281A1D5EB3001D976F /* InfoPlist.strings in Resources */ = {isa = PBXBuildFile; fileRef = FA1A512A1A1D5EB3001D976F /* InfoPlist.strings */; };
		FA1A512E1A1DE427001D976F /* KIOMessageService.m in Sources */ = {isa = PBXBuildFile; fileRef = FA1A512D1A1DE427001D976F /* KIOMessageService.m */; };
		FA79FFA81A31FD0D00994123 /* KIOBeaconService.m in Sources */ = {isa = PBXBuildFile; fileRef = FA79FFA71A31FD0D00994123 /* KIOBeaconService.m */; };
		FA8E31271A35E54E00D7F690 /* AppSettings.plist in Resources */ = {isa = PBXBuildFile; fileRef = FA8E31261A35E54E00D7F690 /* AppSettings.plist */; };
		FA8E312A1A35E70600D7F690 /* KIORadarView.m in Sources */ = {isa = PBXBuildFile; fileRef = FA8E31291A35E70600D7F690 /* KIORadarView.m */; };
		FAFBCB8A1A1C9FBF00A5ED73 /* main.m in Sources */ = {isa = PBXBuildFile; fileRef = FAFBCB891A1C9FBF00A5ED73 /* main.m */; };
		FAFBCB8D1A1C9FBF00A5ED73 /* AppDelegate.m in Sources */ = {isa = PBXBuildFile; fileRef = FAFBCB8C1A1C9FBF00A5ED73 /* AppDelegate.m */; };
		FAFBCB901A1C9FBF00A5ED73 /* KIOPageViewController.m in Sources */ = {isa = PBXBuildFile; fileRef = FAFBCB8F1A1C9FBF00A5ED73 /* KIOPageViewController.m */; };
		FAFBCB991A1C9FBF00A5ED73 /* Main.storyboard in Resources */ = {isa = PBXBuildFile; fileRef = FAFBCB971A1C9FBF00A5ED73 /* Main.storyboard */; };
		FAFBCB9B1A1C9FBF00A5ED73 /* Images.xcassets in Resources */ = {isa = PBXBuildFile; fileRef = FAFBCB9A1A1C9FBF00A5ED73 /* Images.xcassets */; };
		FAFBCB9E1A1C9FBF00A5ED73 /* LaunchScreen.xib in Resources */ = {isa = PBXBuildFile; fileRef = FAFBCB9C1A1C9FBF00A5ED73 /* LaunchScreen.xib */; };
		FAFBCBAA1A1C9FBF00A5ED73 /* iBeaconChatTests.m in Sources */ = {isa = PBXBuildFile; fileRef = FAFBCBA91A1C9FBF00A5ED73 /* iBeaconChatTests.m */; };
/* End PBXBuildFile section */

/* Begin PBXContainerItemProxy section */
		FAFBCBA41A1C9FBF00A5ED73 /* PBXContainerItemProxy */ = {
			isa = PBXContainerItemProxy;
			containerPortal = FAFBCB7C1A1C9FBF00A5ED73 /* Project object */;
			proxyType = 1;
			remoteGlobalIDString = FAFBCB831A1C9FBF00A5ED73;
			remoteInfo = iBeaconChat;
		};
/* End PBXContainerItemProxy section */

/* Begin PBXFileReference section */
		FA1A50C11A1CA46F001D976F /* ChatScreen.xcassets */ = {isa = PBXFileReference; lastKnownFileType = folder.assetcatalog; path = ChatScreen.xcassets; sourceTree = "<group>"; };
		FA1A50C31A1CA47B001D976F /* BeaconScreen.xcassets */ = {isa = PBXFileReference; lastKnownFileType = folder.assetcatalog; path = BeaconScreen.xcassets; sourceTree = "<group>"; };
		FA1A50C51A1CA958001D976F /* KIOSplashViewController.h */ = {isa = PBXFileReference; fileEncoding = 4; lastKnownFileType = sourcecode.c.h; path = KIOSplashViewController.h; sourceTree = "<group>"; };
		FA1A50C61A1CA958001D976F /* KIOSplashViewController.m */ = {isa = PBXFileReference; fileEncoding = 4; lastKnownFileType = sourcecode.c.objc; path = KIOSplashViewController.m; sourceTree = "<group>"; };
		FA1A50C81A1CAD00001D976F /* KIOChatViewController.h */ = {isa = PBXFileReference; fileEncoding = 4; lastKnownFileType = sourcecode.c.h; path = KIOChatViewController.h; sourceTree = "<group>"; };
		FA1A50C91A1CAD00001D976F /* KIOChatViewController.m */ = {isa = PBXFileReference; fileEncoding = 4; lastKnownFileType = sourcecode.c.objc; path = KIOChatViewController.m; sourceTree = "<group>"; };
		FA1A50CB1A1CAD0F001D976F /* KIOBeaconViewController.h */ = {isa = PBXFileReference; fileEncoding = 4; lastKnownFileType = sourcecode.c.h; path = KIOBeaconViewController.h; sourceTree = "<group>"; };
		FA1A50CC1A1CAD0F001D976F /* KIOBeaconViewController.m */ = {isa = PBXFileReference; fileEncoding = 4; lastKnownFileType = sourcecode.c.objc; path = KIOBeaconViewController.m; sourceTree = "<group>"; };
		FA1A510F1A1D3C5F001D976F /* KIOBluetoothService.h */ = {isa = PBXFileReference; fileEncoding = 4; lastKnownFileType = sourcecode.c.h; path = KIOBluetoothService.h; sourceTree = "<group>"; };
		FA1A51101A1D3C5F001D976F /* KIOBluetoothService.m */ = {isa = PBXFileReference; fileEncoding = 4; lastKnownFileType = sourcecode.c.objc; path = KIOBluetoothService.m; sourceTree = "<group>"; };
		FA1A51131A1D4610001D976F /* KIOErrorViewController.h */ = {isa = PBXFileReference; fileEncoding = 4; lastKnownFileType = sourcecode.c.h; path = KIOErrorViewController.h; sourceTree = "<group>"; };
		FA1A51141A1D4610001D976F /* KIOErrorViewController.m */ = {isa = PBXFileReference; fileEncoding = 4; lastKnownFileType = sourcecode.c.objc; path = KIOErrorViewController.m; sourceTree = "<group>"; };
		FA1A51161A1D46CF001D976F /* KIOSettingsViewController.h */ = {isa = PBXFileReference; fileEncoding = 4; lastKnownFileType = sourcecode.c.h; path = KIOSettingsViewController.h; sourceTree = "<group>"; };
		FA1A51171A1D46CF001D976F /* KIOSettingsViewController.m */ = {isa = PBXFileReference; fileEncoding = 4; lastKnownFileType = sourcecode.c.objc; path = KIOSettingsViewController.m; sourceTree = "<group>"; };
		FA1A51241A1D58C2001D976F /* Base */ = {isa = PBXFileReference; lastKnownFileType = text.plist.strings; name = Base; path = Base.lproj/Localizable.strings; sourceTree = "<group>"; };
		FA1A51251A1D58D7001D976F /* ru */ = {isa = PBXFileReference; lastKnownFileType = text.plist.strings; name = ru; path = ru.lproj/Localizable.strings; sourceTree = "<group>"; };
		FA1A51291A1D5EB3001D976F /* ru */ = {isa = PBXFileReference; lastKnownFileType = text.plist.strings; name = ru; path = ru.lproj/InfoPlist.strings; sourceTree = "<group>"; };
		FA1A512B1A1D5EB5001D976F /* Base */ = {isa = PBXFileReference; lastKnownFileType = text.plist.strings; name = Base; path = Base.lproj/InfoPlist.strings; sourceTree = "<group>"; };
		FA1A512C1A1DE427001D976F /* KIOMessageService.h */ = {isa = PBXFileReference; fileEncoding = 4; lastKnownFileType = sourcecode.c.h; path = KIOMessageService.h; sourceTree = "<group>"; };
		FA1A512D1A1DE427001D976F /* KIOMessageService.m */ = {isa = PBXFileReference; fileEncoding = 4; lastKnownFileType = sourcecode.c.objc; path = KIOMessageService.m; sourceTree = "<group>"; };
		FA79FFA61A31FD0D00994123 /* KIOBeaconService.h */ = {isa = PBXFileReference; fileEncoding = 4; lastKnownFileType = sourcecode.c.h; path = KIOBeaconService.h; sourceTree = "<group>"; };
		FA79FFA71A31FD0D00994123 /* KIOBeaconService.m */ = {isa = PBXFileReference; fileEncoding = 4; lastKnownFileType = sourcecode.c.objc; path = KIOBeaconService.m; sourceTree = "<group>"; };
		FA8E31261A35E54E00D7F690 /* AppSettings.plist */ = {isa = PBXFileReference; fileEncoding = 4; lastKnownFileType = text.plist.xml; path = AppSettings.plist; sourceTree = "<group>"; };
		FA8E31281A35E70600D7F690 /* KIORadarView.h */ = {isa = PBXFileReference; fileEncoding = 4; lastKnownFileType = sourcecode.c.h; path = KIORadarView.h; sourceTree = "<group>"; };
		FA8E31291A35E70600D7F690 /* KIORadarView.m */ = {isa = PBXFileReference; fileEncoding = 4; lastKnownFileType = sourcecode.c.objc; path = KIORadarView.m; sourceTree = "<group>"; };
		FAFBCB841A1C9FBF00A5ED73 /* iBeaconChat.app */ = {isa = PBXFileReference; explicitFileType = wrapper.application; includeInIndex = 0; path = iBeaconChat.app; sourceTree = BUILT_PRODUCTS_DIR; };
		FAFBCB881A1C9FBF00A5ED73 /* Info.plist */ = {isa = PBXFileReference; lastKnownFileType = text.plist.xml; path = Info.plist; sourceTree = "<group>"; };
		FAFBCB891A1C9FBF00A5ED73 /* main.m */ = {isa = PBXFileReference; lastKnownFileType = sourcecode.c.objc; path = main.m; sourceTree = "<group>"; };
		FAFBCB8B1A1C9FBF00A5ED73 /* AppDelegate.h */ = {isa = PBXFileReference; lastKnownFileType = sourcecode.c.h; path = AppDelegate.h; sourceTree = "<group>"; };
		FAFBCB8C1A1C9FBF00A5ED73 /* AppDelegate.m */ = {isa = PBXFileReference; lastKnownFileType = sourcecode.c.objc; path = AppDelegate.m; sourceTree = "<group>"; };
		FAFBCB8E1A1C9FBF00A5ED73 /* KIOPageViewController.h */ = {isa = PBXFileReference; lastKnownFileType = sourcecode.c.h; path = KIOPageViewController.h; sourceTree = "<group>"; };
		FAFBCB8F1A1C9FBF00A5ED73 /* KIOPageViewController.m */ = {isa = PBXFileReference; lastKnownFileType = sourcecode.c.objc; path = KIOPageViewController.m; sourceTree = "<group>"; };
		FAFBCB981A1C9FBF00A5ED73 /* Base */ = {isa = PBXFileReference; lastKnownFileType = file.storyboard; name = Base; path = Base.lproj/Main.storyboard; sourceTree = "<group>"; };
		FAFBCB9A1A1C9FBF00A5ED73 /* Images.xcassets */ = {isa = PBXFileReference; lastKnownFileType = folder.assetcatalog; path = Images.xcassets; sourceTree = "<group>"; };
		FAFBCB9D1A1C9FBF00A5ED73 /* Base */ = {isa = PBXFileReference; lastKnownFileType = file.xib; name = Base; path = Base.lproj/LaunchScreen.xib; sourceTree = "<group>"; };
		FAFBCBA31A1C9FBF00A5ED73 /* iBeaconChatTests.xctest */ = {isa = PBXFileReference; explicitFileType = wrapper.cfbundle; includeInIndex = 0; path = iBeaconChatTests.xctest; sourceTree = BUILT_PRODUCTS_DIR; };
		FAFBCBA81A1C9FBF00A5ED73 /* Info.plist */ = {isa = PBXFileReference; lastKnownFileType = text.plist.xml; path = Info.plist; sourceTree = "<group>"; };
		FAFBCBA91A1C9FBF00A5ED73 /* iBeaconChatTests.m */ = {isa = PBXFileReference; lastKnownFileType = sourcecode.c.objc; path = iBeaconChatTests.m; sourceTree = "<group>"; };
/* End PBXFileReference section */

/* Begin PBXFrameworksBuildPhase section */
		FAFBCB811A1C9FBF00A5ED73 /* Frameworks */ = {
			isa = PBXFrameworksBuildPhase;
			buildActionMask = 2147483647;
			files = (
			);
			runOnlyForDeploymentPostprocessing = 0;
		};
		FAFBCBA01A1C9FBF00A5ED73 /* Frameworks */ = {
			isa = PBXFrameworksBuildPhase;
			buildActionMask = 2147483647;
			files = (
			);
			runOnlyForDeploymentPostprocessing = 0;
		};
/* End PBXFrameworksBuildPhase section */

/* Begin PBXGroup section */
		FA1A51121A1D3C69001D976F /* Service */ = {
			isa = PBXGroup;
			children = (
				FA1A510F1A1D3C5F001D976F /* KIOBluetoothService.h */,
				FA1A51101A1D3C5F001D976F /* KIOBluetoothService.m */,
				FA1A512C1A1DE427001D976F /* KIOMessageService.h */,
				FA1A512D1A1DE427001D976F /* KIOMessageService.m */,
				FA79FFA61A31FD0D00994123 /* KIOBeaconService.h */,
				FA79FFA71A31FD0D00994123 /* KIOBeaconService.m */,
			);
			name = Service;
			sourceTree = "<group>";
		};
		FA8E312B1A35E71600D7F690 /* UIView */ = {
			isa = PBXGroup;
			children = (
				FA8E31281A35E70600D7F690 /* KIORadarView.h */,
				FA8E31291A35E70600D7F690 /* KIORadarView.m */,
			);
			name = UIView;
			sourceTree = "<group>";
		};
		FAFBCB7B1A1C9FBF00A5ED73 = {
			isa = PBXGroup;
			children = (
				FAFBCB861A1C9FBF00A5ED73 /* iBeaconChat */,
				FAFBCBA61A1C9FBF00A5ED73 /* iBeaconChatTests */,
				FAFBCB851A1C9FBF00A5ED73 /* Products */,
			);
			sourceTree = "<group>";
		};
		FAFBCB851A1C9FBF00A5ED73 /* Products */ = {
			isa = PBXGroup;
			children = (
				FAFBCB841A1C9FBF00A5ED73 /* iBeaconChat.app */,
				FAFBCBA31A1C9FBF00A5ED73 /* iBeaconChatTests.xctest */,
			);
			name = Products;
			sourceTree = "<group>";
		};
		FAFBCB861A1C9FBF00A5ED73 /* iBeaconChat */ = {
			isa = PBXGroup;
			children = (
				FA8E312B1A35E71600D7F690 /* UIView */,
				FA1A51121A1D3C69001D976F /* Service */,
				FA1A50C51A1CA958001D976F /* KIOSplashViewController.h */,
				FA1A50C61A1CA958001D976F /* KIOSplashViewController.m */,
				FAFBCB8E1A1C9FBF00A5ED73 /* KIOPageViewController.h */,
				FAFBCB8F1A1C9FBF00A5ED73 /* KIOPageViewController.m */,
				FA1A50C81A1CAD00001D976F /* KIOChatViewController.h */,
				FA1A50C91A1CAD00001D976F /* KIOChatViewController.m */,
				FA1A50CB1A1CAD0F001D976F /* KIOBeaconViewController.h */,
				FA1A50CC1A1CAD0F001D976F /* KIOBeaconViewController.m */,
				FA1A51161A1D46CF001D976F /* KIOSettingsViewController.h */,
				FA1A51171A1D46CF001D976F /* KIOSettingsViewController.m */,
				FA1A51131A1D4610001D976F /* KIOErrorViewController.h */,
				FA1A51141A1D4610001D976F /* KIOErrorViewController.m */,
				FAFBCBB31A1C9FEA00A5ED73 /* Board */,
				FAFBCB9A1A1C9FBF00A5ED73 /* Images.xcassets */,
				FA1A50C11A1CA46F001D976F /* ChatScreen.xcassets */,
				FA1A50C31A1CA47B001D976F /* BeaconScreen.xcassets */,
				FAFBCB871A1C9FBF00A5ED73 /* Supporting Files */,
			);
			path = iBeaconChat;
			sourceTree = "<group>";
		};
		FAFBCB871A1C9FBF00A5ED73 /* Supporting Files */ = {
			isa = PBXGroup;
			children = (
				FAFBCB8B1A1C9FBF00A5ED73 /* AppDelegate.h */,
				FAFBCB8C1A1C9FBF00A5ED73 /* AppDelegate.m */,
				FA8E31261A35E54E00D7F690 /* AppSettings.plist */,
				FA1A51231A1D58BA001D976F /* Localizable.strings */,
				FA1A512A1A1D5EB3001D976F /* InfoPlist.strings */,
				FAFBCB881A1C9FBF00A5ED73 /* Info.plist */,
				FAFBCB891A1C9FBF00A5ED73 /* main.m */,
			);
			name = "Supporting Files";
			sourceTree = "<group>";
		};
		FAFBCBA61A1C9FBF00A5ED73 /* iBeaconChatTests */ = {
			isa = PBXGroup;
			children = (
				FAFBCBA91A1C9FBF00A5ED73 /* iBeaconChatTests.m */,
				FAFBCBA71A1C9FBF00A5ED73 /* Supporting Files */,
			);
			path = iBeaconChatTests;
			sourceTree = "<group>";
		};
		FAFBCBA71A1C9FBF00A5ED73 /* Supporting Files */ = {
			isa = PBXGroup;
			children = (
				FAFBCBA81A1C9FBF00A5ED73 /* Info.plist */,
			);
			name = "Supporting Files";
			sourceTree = "<group>";
		};
		FAFBCBB31A1C9FEA00A5ED73 /* Board */ = {
			isa = PBXGroup;
			children = (
				FAFBCB971A1C9FBF00A5ED73 /* Main.storyboard */,
				FAFBCB9C1A1C9FBF00A5ED73 /* LaunchScreen.xib */,
			);
			name = Board;
			sourceTree = "<group>";
		};
/* End PBXGroup section */

/* Begin PBXNativeTarget section */
		FAFBCB831A1C9FBF00A5ED73 /* iBeaconChat */ = {
			isa = PBXNativeTarget;
			buildConfigurationList = FAFBCBAD1A1C9FBF00A5ED73 /* Build configuration list for PBXNativeTarget "iBeaconChat" */;
			buildPhases = (
				FAFBCB801A1C9FBF00A5ED73 /* Sources */,
				FAFBCB811A1C9FBF00A5ED73 /* Frameworks */,
				FAFBCB821A1C9FBF00A5ED73 /* Resources */,
			);
			buildRules = (
			);
			dependencies = (
			);
			name = iBeaconChat;
			productName = iBeaconChat;
			productReference = FAFBCB841A1C9FBF00A5ED73 /* iBeaconChat.app */;
			productType = "com.apple.product-type.application";
		};
		FAFBCBA21A1C9FBF00A5ED73 /* iBeaconChatTests */ = {
			isa = PBXNativeTarget;
			buildConfigurationList = FAFBCBB01A1C9FBF00A5ED73 /* Build configuration list for PBXNativeTarget "iBeaconChatTests" */;
			buildPhases = (
				FAFBCB9F1A1C9FBF00A5ED73 /* Sources */,
				FAFBCBA01A1C9FBF00A5ED73 /* Frameworks */,
				FAFBCBA11A1C9FBF00A5ED73 /* Resources */,
			);
			buildRules = (
			);
			dependencies = (
				FAFBCBA51A1C9FBF00A5ED73 /* PBXTargetDependency */,
			);
			name = iBeaconChatTests;
			productName = iBeaconChatTests;
			productReference = FAFBCBA31A1C9FBF00A5ED73 /* iBeaconChatTests.xctest */;
			productType = "com.apple.product-type.bundle.unit-test";
		};
/* End PBXNativeTarget section */

/* Begin PBXProject section */
		FAFBCB7C1A1C9FBF00A5ED73 /* Project object */ = {
			isa = PBXProject;
			attributes = {
				CLASSPREFIX = KIO;
				LastUpgradeCheck = 0610;
				ORGANIZATIONNAME = "Kirill Osipov";
				TargetAttributes = {
					FAFBCB831A1C9FBF00A5ED73 = {
						CreatedOnToolsVersion = 6.1;
					};
					FAFBCBA21A1C9FBF00A5ED73 = {
						CreatedOnToolsVersion = 6.1;
						TestTargetID = FAFBCB831A1C9FBF00A5ED73;
					};
				};
			};
			buildConfigurationList = FAFBCB7F1A1C9FBF00A5ED73 /* Build configuration list for PBXProject "iBeaconChat" */;
			compatibilityVersion = "Xcode 3.2";
			developmentRegion = English;
			hasScannedForEncodings = 0;
			knownRegions = (
				en,
				Base,
				ru,
			);
			mainGroup = FAFBCB7B1A1C9FBF00A5ED73;
			productRefGroup = FAFBCB851A1C9FBF00A5ED73 /* Products */;
			projectDirPath = "";
			projectRoot = "";
			targets = (
				FAFBCB831A1C9FBF00A5ED73 /* iBeaconChat */,
				FAFBCBA21A1C9FBF00A5ED73 /* iBeaconChatTests */,
			);
		};
/* End PBXProject section */

/* Begin PBXResourcesBuildPhase section */
		FAFBCB821A1C9FBF00A5ED73 /* Resources */ = {
			isa = PBXResourcesBuildPhase;
			buildActionMask = 2147483647;
			files = (
				FAFBCB991A1C9FBF00A5ED73 /* Main.storyboard in Resources */,
				FA1A51281A1D5EB3001D976F /* InfoPlist.strings in Resources */,
				FA1A51211A1D58BA001D976F /* Localizable.strings in Resources */,
				FA1A50C41A1CA47B001D976F /* BeaconScreen.xcassets in Resources */,
				FAFBCB9E1A1C9FBF00A5ED73 /* LaunchScreen.xib in Resources */,
				FA8E31271A35E54E00D7F690 /* AppSettings.plist in Resources */,
				FAFBCB9B1A1C9FBF00A5ED73 /* Images.xcassets in Resources */,
				FA1A50C21A1CA46F001D976F /* ChatScreen.xcassets in Resources */,
			);
			runOnlyForDeploymentPostprocessing = 0;
		};
		FAFBCBA11A1C9FBF00A5ED73 /* Resources */ = {
			isa = PBXResourcesBuildPhase;
			buildActionMask = 2147483647;
			files = (
			);
			runOnlyForDeploymentPostprocessing = 0;
		};
/* End PBXResourcesBuildPhase section */

/* Begin PBXSourcesBuildPhase section */
		FAFBCB801A1C9FBF00A5ED73 /* Sources */ = {
			isa = PBXSourcesBuildPhase;
			buildActionMask = 2147483647;
			files = (
				FAFBCB8D1A1C9FBF00A5ED73 /* AppDelegate.m in Sources */,
				FA1A51181A1D46CF001D976F /* KIOSettingsViewController.m in Sources */,
				FA1A51111A1D3C5F001D976F /* KIOBluetoothService.m in Sources */,
				FA8E312A1A35E70600D7F690 /* KIORadarView.m in Sources */,
				FA1A50C71A1CA958001D976F /* KIOSplashViewController.m in Sources */,
				FA79FFA81A31FD0D00994123 /* KIOBeaconService.m in Sources */,
				FAFBCB8A1A1C9FBF00A5ED73 /* main.m in Sources */,
				FAFBCB901A1C9FBF00A5ED73 /* KIOPageViewController.m in Sources */,
				FA1A50CD1A1CAD0F001D976F /* KIOBeaconViewController.m in Sources */,
				FA1A512E1A1DE427001D976F /* KIOMessageService.m in Sources */,
				FA1A50CA1A1CAD00001D976F /* KIOChatViewController.m in Sources */,
				FA1A51151A1D4610001D976F /* KIOErrorViewController.m in Sources */,
			);
			runOnlyForDeploymentPostprocessing = 0;
		};
		FAFBCB9F1A1C9FBF00A5ED73 /* Sources */ = {
			isa = PBXSourcesBuildPhase;
			buildActionMask = 2147483647;
			files = (
				FAFBCBAA1A1C9FBF00A5ED73 /* iBeaconChatTests.m in Sources */,
			);
			runOnlyForDeploymentPostprocessing = 0;
		};
/* End PBXSourcesBuildPhase section */

/* Begin PBXTargetDependency section */
		FAFBCBA51A1C9FBF00A5ED73 /* PBXTargetDependency */ = {
			isa = PBXTargetDependency;
			target = FAFBCB831A1C9FBF00A5ED73 /* iBeaconChat */;
			targetProxy = FAFBCBA41A1C9FBF00A5ED73 /* PBXContainerItemProxy */;
		};
/* End PBXTargetDependency section */

/* Begin PBXVariantGroup section */
		FA1A51231A1D58BA001D976F /* Localizable.strings */ = {
			isa = PBXVariantGroup;
			children = (
				FA1A51241A1D58C2001D976F /* Base */,
				FA1A51251A1D58D7001D976F /* ru */,
			);
			name = Localizable.strings;
			sourceTree = "<group>";
		};
		FA1A512A1A1D5EB3001D976F /* InfoPlist.strings */ = {
			isa = PBXVariantGroup;
			children = (
				FA1A51291A1D5EB3001D976F /* ru */,
				FA1A512B1A1D5EB5001D976F /* Base */,
			);
			name = InfoPlist.strings;
			sourceTree = "<group>";
		};
		FAFBCB971A1C9FBF00A5ED73 /* Main.storyboard */ = {
			isa = PBXVariantGroup;
			children = (
				FAFBCB981A1C9FBF00A5ED73 /* Base */,
			);
			name = Main.storyboard;
			sourceTree = "<group>";
		};
		FAFBCB9C1A1C9FBF00A5ED73 /* LaunchScreen.xib */ = {
			isa = PBXVariantGroup;
			children = (
				FAFBCB9D1A1C9FBF00A5ED73 /* Base */,
			);
			name = LaunchScreen.xib;
			sourceTree = "<group>";
		};
/* End PBXVariantGroup section */

/* Begin XCBuildConfiguration section */
		FAFBCBAB1A1C9FBF00A5ED73 /* Debug */ = {
			isa = XCBuildConfiguration;
			buildSettings = {
				ALWAYS_SEARCH_USER_PATHS = NO;
				CLANG_CXX_LANGUAGE_STANDARD = "gnu++0x";
				CLANG_CXX_LIBRARY = "libc++";
				CLANG_ENABLE_MODULES = YES;
				CLANG_ENABLE_OBJC_ARC = YES;
				CLANG_WARN_BOOL_CONVERSION = YES;
				CLANG_WARN_CONSTANT_CONVERSION = YES;
				CLANG_WARN_DIRECT_OBJC_ISA_USAGE = YES_ERROR;
				CLANG_WARN_EMPTY_BODY = YES;
				CLANG_WARN_ENUM_CONVERSION = YES;
				CLANG_WARN_INT_CONVERSION = YES;
				CLANG_WARN_OBJC_ROOT_CLASS = YES_ERROR;
				CLANG_WARN_UNREACHABLE_CODE = YES;
				CLANG_WARN__DUPLICATE_METHOD_MATCH = YES;
				"CODE_SIGN_IDENTITY[sdk=iphoneos*]" = "iPhone Developer";
				COPY_PHASE_STRIP = NO;
				ENABLE_STRICT_OBJC_MSGSEND = YES;
				GCC_C_LANGUAGE_STANDARD = gnu99;
				GCC_DYNAMIC_NO_PIC = NO;
				GCC_OPTIMIZATION_LEVEL = 0;
				GCC_PREPROCESSOR_DEFINITIONS = (
					"DEBUG=1",
					"$(inherited)",
				);
				GCC_SYMBOLS_PRIVATE_EXTERN = NO;
				GCC_WARN_64_TO_32_BIT_CONVERSION = YES;
				GCC_WARN_ABOUT_RETURN_TYPE = YES_ERROR;
				GCC_WARN_UNDECLARED_SELECTOR = YES;
				GCC_WARN_UNINITIALIZED_AUTOS = YES_AGGRESSIVE;
				GCC_WARN_UNUSED_FUNCTION = YES;
				GCC_WARN_UNUSED_VARIABLE = YES;
				IPHONEOS_DEPLOYMENT_TARGET = 8.1;
				MTL_ENABLE_DEBUG_INFO = YES;
				ONLY_ACTIVE_ARCH = YES;
				SDKROOT = iphoneos;
				TARGETED_DEVICE_FAMILY = "1,2";
			};
			name = Debug;
		};
		FAFBCBAC1A1C9FBF00A5ED73 /* Release */ = {
			isa = XCBuildConfiguration;
			buildSettings = {
				ALWAYS_SEARCH_USER_PATHS = NO;
				CLANG_CXX_LANGUAGE_STANDARD = "gnu++0x";
				CLANG_CXX_LIBRARY = "libc++";
				CLANG_ENABLE_MODULES = YES;
				CLANG_ENABLE_OBJC_ARC = YES;
				CLANG_WARN_BOOL_CONVERSION = YES;
				CLANG_WARN_CONSTANT_CONVERSION = YES;
				CLANG_WARN_DIRECT_OBJC_ISA_USAGE = YES_ERROR;
				CLANG_WARN_EMPTY_BODY = YES;
				CLANG_WARN_ENUM_CONVERSION = YES;
				CLANG_WARN_INT_CONVERSION = YES;
				CLANG_WARN_OBJC_ROOT_CLASS = YES_ERROR;
				CLANG_WARN_UNREACHABLE_CODE = YES;
				CLANG_WARN__DUPLICATE_METHOD_MATCH = YES;
				"CODE_SIGN_IDENTITY[sdk=iphoneos*]" = "iPhone Developer";
				COPY_PHASE_STRIP = YES;
				ENABLE_NS_ASSERTIONS = NO;
				ENABLE_STRICT_OBJC_MSGSEND = YES;
				GCC_C_LANGUAGE_STANDARD = gnu99;
				GCC_WARN_64_TO_32_BIT_CONVERSION = YES;
				GCC_WARN_ABOUT_RETURN_TYPE = YES_ERROR;
				GCC_WARN_UNDECLARED_SELECTOR = YES;
				GCC_WARN_UNINITIALIZED_AUTOS = YES_AGGRESSIVE;
				GCC_WARN_UNUSED_FUNCTION = YES;
				GCC_WARN_UNUSED_VARIABLE = YES;
				IPHONEOS_DEPLOYMENT_TARGET = 8.1;
				MTL_ENABLE_DEBUG_INFO = NO;
				SDKROOT = iphoneos;
				TARGETED_DEVICE_FAMILY = "1,2";
				VALIDATE_PRODUCT = YES;
			};
			name = Release;
		};
		FAFBCBAE1A1C9FBF00A5ED73 /* Debug */ = {
			isa = XCBuildConfiguration;
			buildSettings = {
				ASSETCATALOG_COMPILER_APPICON_NAME = AppIcon;
				ASSETCATALOG_COMPILER_LAUNCHIMAGE_NAME = LaunchImage;
				INFOPLIST_FILE = iBeaconChat/Info.plist;
				IPHONEOS_DEPLOYMENT_TARGET = 7.0;
				LD_RUNPATH_SEARCH_PATHS = "$(inherited) @executable_path/Frameworks";
				PRODUCT_NAME = "$(TARGET_NAME)";
			};
			name = Debug;
		};
		FAFBCBAF1A1C9FBF00A5ED73 /* Release */ = {
			isa = XCBuildConfiguration;
			buildSettings = {
				ASSETCATALOG_COMPILER_APPICON_NAME = AppIcon;
				ASSETCATALOG_COMPILER_LAUNCHIMAGE_NAME = LaunchImage;
				INFOPLIST_FILE = iBeaconChat/Info.plist;
				IPHONEOS_DEPLOYMENT_TARGET = 7.0;
				LD_RUNPATH_SEARCH_PATHS = "$(inherited) @executable_path/Frameworks";
				PRODUCT_NAME = "$(TARGET_NAME)";
			};
			name = Release;
		};
		FAFBCBB11A1C9FBF00A5ED73 /* Debug */ = {
			isa = XCBuildConfiguration;
			buildSettings = {
				BUNDLE_LOADER = "$(TEST_HOST)";
				FRAMEWORK_SEARCH_PATHS = (
					"$(SDKROOT)/Developer/Library/Frameworks",
					"$(inherited)",
				);
				GCC_PREPROCESSOR_DEFINITIONS = (
					"DEBUG=1",
					"$(inherited)",
				);
				INFOPLIST_FILE = iBeaconChatTests/Info.plist;
				LD_RUNPATH_SEARCH_PATHS = "$(inherited) @executable_path/Frameworks @loader_path/Frameworks";
				PRODUCT_NAME = "$(TARGET_NAME)";
				TEST_HOST = "$(BUILT_PRODUCTS_DIR)/iBeaconChat.app/iBeaconChat";
			};
			name = Debug;
		};
		FAFBCBB21A1C9FBF00A5ED73 /* Release */ = {
			isa = XCBuildConfiguration;
			buildSettings = {
				BUNDLE_LOADER = "$(TEST_HOST)";
				FRAMEWORK_SEARCH_PATHS = (
					"$(SDKROOT)/Developer/Library/Frameworks",
					"$(inherited)",
				);
				INFOPLIST_FILE = iBeaconChatTests/Info.plist;
				LD_RUNPATH_SEARCH_PATHS = "$(inherited) @executable_path/Frameworks @loader_path/Frameworks";
				PRODUCT_NAME = "$(TARGET_NAME)";
				TEST_HOST = "$(BUILT_PRODUCTS_DIR)/iBeaconChat.app/iBeaconChat";
			};
			name = Release;
		};
/* End XCBuildConfiguration section */

/* Begin XCConfigurationList section */
		FAFBCB7F1A1C9FBF00A5ED73 /* Build configuration list for PBXProject "iBeaconChat" */ = {
			isa = XCConfigurationList;
			buildConfigurations = (
				FAFBCBAB1A1C9FBF00A5ED73 /* Debug */,
				FAFBCBAC1A1C9FBF00A5ED73 /* Release */,
			);
			defaultConfigurationIsVisible = 0;
			defaultConfigurationName = Release;
		};
		FAFBCBAD1A1C9FBF00A5ED73 /* Build configuration list for PBXNativeTarget "iBeaconChat" */ = {
			isa = XCConfigurationList;
			buildConfigurations = (
				FAFBCBAE1A1C9FBF00A5ED73 /* Debug */,
				FAFBCBAF1A1C9FBF00A5ED73 /* Release */,
			);
			defaultConfigurationIsVisible = 0;
			defaultConfigurationName = Release;
		};
		FAFBCBB01A1C9FBF00A5ED73 /* Build configuration list for PBXNativeTarget "iBeaconChatTests" */ = {
			isa = XCConfigurationList;
			buildConfigurations = (
				FAFBCBB11A1C9FBF00A5ED73 /* Debug */,
				FAFBCBB21A1C9FBF00A5ED73 /* Release */,
			);
			defaultConfigurationIsVisible = 0;
			defaultConfigurationName = Release;
		};
/* End XCConfigurationList section */
	};
	rootObject = FAFBCB7C1A1C9FBF00A5ED73 /* Project object */;
}
